// !$*UTF8*$!
{
	archiveVersion = 1;
	classes = {
	};
	objectVersion = 46;
	objects = {

/* Begin PBXBuildFile section */
		04218DDC1D1D24F90088C233 /* main.m in Sources */ = {isa = PBXBuildFile; fileRef = 04218DDB1D1D24F90088C233 /* main.m */; };
		04218DDF1D1D24F90088C233 /* AppDelegate.m in Sources */ = {isa = PBXBuildFile; fileRef = 04218DDE1D1D24F90088C233 /* AppDelegate.m */; };
		04218DE21D1D24F90088C233 /* ViewController.m in Sources */ = {isa = PBXBuildFile; fileRef = 04218DE11D1D24F90088C233 /* ViewController.m */; };
		04218DE51D1D24F90088C233 /* Main.storyboard in Resources */ = {isa = PBXBuildFile; fileRef = 04218DE31D1D24F90088C233 /* Main.storyboard */; };
		04218DE71D1D24F90088C233 /* Assets.xcassets in Resources */ = {isa = PBXBuildFile; fileRef = 04218DE61D1D24F90088C233 /* Assets.xcassets */; };
		04218DEA1D1D24F90088C233 /* LaunchScreen.storyboard in Resources */ = {isa = PBXBuildFile; fileRef = 04218DE81D1D24F90088C233 /* LaunchScreen.storyboard */; };
/* End PBXBuildFile section */

/* Begin PBXFileReference section */
		04218DD71D1D24F90088C233 /* hyy6002.app */ = {isa = PBXFileReference; explicitFileType = wrapper.application; includeInIndex = 0; path = hyy6002.app; sourceTree = BUILT_PRODUCTS_DIR; };
		04218DDB1D1D24F90088C233 /* main.m */ = {isa = PBXFileReference; lastKnownFileType = sourcecode.c.objc; path = main.m; sourceTree = "<group>"; };
		04218DDD1D1D24F90088C233 /* AppDelegate.h */ = {isa = PBXFileReference; lastKnownFileType = sourcecode.c.h; path = AppDelegate.h; sourceTree = "<group>"; };
		04218DDE1D1D24F90088C233 /* AppDelegate.m */ = {isa = PBXFileReference; lastKnownFileType = sourcecode.c.objc; path = AppDelegate.m; sourceTree = "<group>"; };
		04218DE01D1D24F90088C233 /* ViewController.h */ = {isa = PBXFileReference; lastKnownFileType = sourcecode.c.h; path = ViewController.h; sourceTree = "<group>"; };
		04218DE11D1D24F90088C233 /* ViewController.m */ = {isa = PBXFileReference; lastKnownFileType = sourcecode.c.objc; path = ViewController.m; sourceTree = "<group>"; };
		04218DE41D1D24F90088C233 /* Base */ = {isa = PBXFileReference; lastKnownFileType = file.storyboard; name = Base; path = Base.lproj/Main.storyboard; sourceTree = "<group>"; };
		04218DE61D1D24F90088C233 /* Assets.xcassets */ = {isa = PBXFileReference; lastKnownFileType = folder.assetcatalog; path = Assets.xcassets; sourceTree = "<group>"; };
		04218DE91D1D24F90088C233 /* Base */ = {isa = PBXFileReference; lastKnownFileType = file.storyboard; name = Base; path = Base.lproj/LaunchScreen.storyboard; sourceTree = "<group>"; };
		04218DEB1D1D24F90088C233 /* Info.plist */ = {isa = PBXFileReference; lastKnownFileType = text.plist.xml; path = Info.plist; sourceTree = "<group>"; };
/* End PBXFileReference section */

/* Begin PBXFrameworksBuildPhase section */
		04218DD41D1D24F90088C233 /* Frameworks */ = {
			isa = PBXFrameworksBuildPhase;
			buildActionMask = 2147483647;
			files = (
			);
			runOnlyForDeploymentPostprocessing = 0;
		};
/* End PBXFrameworksBuildPhase section */

/* Begin PBXGroup section */
		04218DCE1D1D24F90088C233 = {
			isa = PBXGroup;
			children = (
				04218DD91D1D24F90088C233 /* hyy6002 */,
				04218DD81D1D24F90088C233 /* Products */,
			);
			sourceTree = "<group>";
		};
		04218DD81D1D24F90088C233 /* Products */ = {
			isa = PBXGroup;
			children = (
				04218DD71D1D24F90088C233 /* hyy6002.app */,
			);
			name = Products;
			sourceTree = "<group>";
		};
		04218DD91D1D24F90088C233 /* hyy6002 */ = {
			isa = PBXGroup;
			children = (
				04218DDD1D1D24F90088C233 /* AppDelegate.h */,
				04218DDE1D1D24F90088C233 /* AppDelegate.m */,
				04218DE01D1D24F90088C233 /* ViewController.h */,
				04218DE11D1D24F90088C233 /* ViewController.m */,
				04218DE31D1D24F90088C233 /* Main.storyboard */,
				04218DE61D1D24F90088C233 /* Assets.xcassets */,
				04218DE81D1D24F90088C233 /* LaunchScreen.storyboard */,
				04218DEB1D1D24F90088C233 /* Info.plist */,
				04218DDA1D1D24F90088C233 /* Supporting Files */,
			);
			path = hyy6002;
			sourceTree = "<group>";
		};
		04218DDA1D1D24F90088C233 /* Supporting Files */ = {
			isa = PBXGroup;
			children = (
				04218DDB1D1D24F90088C233 /* main.m */,
			);
			name = "Supporting Files";
			sourceTree = "<group>";
		};
/* End PBXGroup section */

/* Begin PBXNativeTarget section */
		04218DD61D1D24F90088C233 /* hyy6002 */ = {
			isa = PBXNativeTarget;
			buildConfigurationList = 04218DEE1D1D24F90088C233 /* Build configuration list for PBXNativeTarget "hyy6002" */;
			buildPhases = (
				04218DD31D1D24F90088C233 /* Sources */,
				04218DD41D1D24F90088C233 /* Frameworks */,
				04218DD51D1D24F90088C233 /* Resources */,
			);
			buildRules = (
			);
			dependencies = (
			);
			name = hyy6002;
			productName = hyy6002;
			productReference = 04218DD71D1D24F90088C233 /* hyy6002.app */;
			productType = "com.apple.product-type.application";
		};
/* End PBXNativeTarget section */

/* Begin PBXProject section */
		04218DCF1D1D24F90088C233 /* Project object */ = {
			isa = PBXProject;
			attributes = {
				LastUpgradeCheck = 0720;
				ORGANIZATIONNAME = hyy;
				TargetAttributes = {
					04218DD61D1D24F90088C233 = {
						CreatedOnToolsVersion = 7.2;
					};
				};
			};
			buildConfigurationList = 04218DD21D1D24F90088C233 /* Build configuration list for PBXProject "hyy6002" */;
			compatibilityVersion = "Xcode 3.2";
			developmentRegion = English;
			hasScannedForEncodings = 0;
			knownRegions = (
				en,
				Base,
			);
			mainGroup = 04218DCE1D1D24F90088C233;
			productRefGroup = 04218DD81D1D24F90088C233 /* Products */;
			projectDirPath = "";
			projectRoot = "";
			targets = (
				04218DD61D1D24F90088C233 /* hyy6002 */,
			);
		};
/* End PBXProject section */

/* Begin PBXResourcesBuildPhase section */
		04218DD51D1D24F90088C233 /* Resources */ = {
			isa = PBXResourcesBuildPhase;
			buildActionMask = 2147483647;
			files = (
				04218DEA1D1D24F90088C233 /* LaunchScreen.storyboard in Resources */,
				04218DE71D1D24F90088C233 /* Assets.xcassets in Resources */,
				04218DE51D1D24F90088C233 /* Main.storyboard in Resources */,
			);
			runOnlyForDeploymentPostprocessing = 0;
		};
/* End PBXResourcesBuildPhase section */

/* Begin PBXSourcesBuildPhase section */
		04218DD31D1D24F90088C233 /* Sources */ = {
			isa = PBXSourcesBuildPhase;
			buildActionMask = 2147483647;
			files = (
				04218DE21D1D24F90088C233 /* ViewController.m in Sources */,
				04218DDF1D1D24F90088C233 /* AppDelegate.m in Sources */,
				04218DDC1D1D24F90088C233 /* main.m in Sources */,
			);
			runOnlyForDeploymentPostprocessing = 0;
		};
/* End PBXSourcesBuildPhase section */

/* Begin PBXVariantGroup section */
		04218DE31D1D24F90088C233 /* Main.storyboard */ = {
			isa = PBXVariantGroup;
			children = (
				04218DE41D1D24F90088C233 /* Base */,
			);
			name = Main.storyboard;
			sourceTree = "<group>";
		};
		04218DE81D1D24F90088C233 /* LaunchScreen.storyboard */ = {
			isa = PBXVariantGroup;
			children = (
				04218DE91D1D24F90088C233 /* Base */,
			);
			name = LaunchScreen.storyboard;
			sourceTree = "<group>";
		};
/* End PBXVariantGroup section */

/* Begin XCBuildConfiguration section */
		04218DEC1D1D24F90088C233 /* Debug */ = {
			isa = XCBuildConfiguration;
			buildSettings = {
				ALWAYS_SEARCH_USER_PATHS = NO;
				CLANG_CXX_LANGUAGE_STANDARD = "gnu++0x";
				CLANG_CXX_LIBRARY = "libc++";
				CLANG_ENABLE_MODULES = YES;
				CLANG_ENABLE_OBJC_ARC = YES;
				CLANG_WARN_BOOL_CONVERSION = YES;
				CLANG_WARN_CONSTANT_CONVERSION = YES;
				CLANG_WARN_DIRECT_OBJC_ISA_USAGE = YES_ERROR;
				CLANG_WARN_EMPTY_BODY = YES;
				CLANG_WARN_ENUM_CONVERSION = YES;
				CLANG_WARN_INT_CONVERSION = YES;
				CLANG_WARN_OBJC_ROOT_CLASS = YES_ERROR;
				CLANG_WARN_UNREACHABLE_CODE = YES;
				CLANG_WARN__DUPLICATE_METHOD_MATCH = YES;
				"CODE_SIGN_IDENTITY[sdk=iphoneos*]" = "iPhone Developer";
				COPY_PHASE_STRIP = NO;
				DEBUG_INFORMATION_FORMAT = dwarf;
				ENABLE_STRICT_OBJC_MSGSEND = YES;
				ENABLE_TESTABILITY = YES;
				GCC_C_LANGUAGE_STANDARD = gnu99;
				GCC_DYNAMIC_NO_PIC = NO;
				GCC_NO_COMMON_BLOCKS = YES;
				GCC_OPTIMIZATION_LEVEL = 0;
				GCC_PREPROCESSOR_DEFINITIONS = (
					"DEBUG=1",
					"$(inherited)",
				);
				GCC_WARN_64_TO_32_BIT_CONVERSION = YES;
				GCC_WARN_ABOUT_RETURN_TYPE = YES_ERROR;
				GCC_WARN_UNDECLARED_SELECTOR = YES;
				GCC_WARN_UNINITIALIZED_AUTOS = YES_AGGRESSIVE;
				GCC_WARN_UNUSED_FUNCTION = YES;
				GCC_WARN_UNUSED_VARIABLE = YES;
				IPHONEOS_DEPLOYMENT_TARGET = 9.2;
				MTL_ENABLE_DEBUG_INFO = YES;
				ONLY_ACTIVE_ARCH = YES;
				SDKROOT = iphoneos;
			};
			name = Debug;
		};
		04218DED1D1D24F90088C233 /* Release */ = {
			isa = XCBuildConfiguration;
			buildSettings = {
				ALWAYS_SEARCH_USER_PATHS = NO;
				CLANG_CXX_LANGUAGE_STANDARD = "gnu++0x";
				CLANG_CXX_LIBRARY = "libc++";
				CLANG_ENABLE_MODULES = YES;
				CLANG_ENABLE_OBJC_ARC = YES;
				CLANG_WARN_BOOL_CONVERSION = YES;
				CLANG_WARN_CONSTANT_CONVERSION = YES;
				CLANG_WARN_DIRECT_OBJC_ISA_USAGE = YES_ERROR;
				CLANG_WARN_EMPTY_BODY = YES;
				CLANG_WARN_ENUM_CONVERSION = YES;
				CLANG_WARN_INT_CONVERSION = YES;
				CLANG_WARN_OBJC_ROOT_CLASS = YES_ERROR;
				CLANG_WARN_UNREACHABLE_CODE = YES;
				CLANG_WARN__DUPLICATE_METHOD_MATCH = YES;
				"CODE_SIGN_IDENTITY[sdk=iphoneos*]" = "iPhone Developer";
				COPY_PHASE_STRIP = NO;
				DEBUG_INFORMATION_FORMAT = "dwarf-with-dsym";
				ENABLE_NS_ASSERTIONS = NO;
				ENABLE_STRICT_OBJC_MSGSEND = YES;
				GCC_C_LANGUAGE_STANDARD = gnu99;
				GCC_NO_COMMON_BLOCKS = YES;
				GCC_WARN_64_TO_32_BIT_CONVERSION = YES;
				GCC_WARN_ABOUT_RETURN_TYPE = YES_ERROR;
				GCC_WARN_UNDECLARED_SELECTOR = YES;
				GCC_WARN_UNINITIALIZED_AUTOS = YES_AGGRESSIVE;
				GCC_WARN_UNUSED_FUNCTION = YES;
				GCC_WARN_UNUSED_VARIABLE = YES;
				IPHONEOS_DEPLOYMENT_TARGET = 9.2;
				MTL_ENABLE_DEBUG_INFO = NO;
				SDKROOT = iphoneos;
				VALIDATE_PRODUCT = YES;
			};
			name = Release;
		};
		04218DEF1D1D24F90088C233 /* Debug */ = {
			isa = XCBuildConfiguration;
			buildSettings = {
				ASSETCATALOG_COMPILER_APPICON_NAME = AppIcon;
				INFOPLIST_FILE = hyy6002/Info.plist;
				LD_RUNPATH_SEARCH_PATHS = "$(inherited) @executable_path/Frameworks";
				PRODUCT_BUNDLE_IDENTIFIER = hyy.hyy6002;
				PRODUCT_NAME = "$(TARGET_NAME)";
			};
			name = Debug;
		};
		04218DF01D1D24F90088C233 /* Release */ = {
			isa = XCBuildConfiguration;
			buildSettings = {
				ASSETCATALOG_COMPILER_APPICON_NAME = AppIcon;
				INFOPLIST_FILE = hyy6002/Info.plist;
				LD_RUNPATH_SEARCH_PATHS = "$(inherited) @executable_path/Frameworks";
				PRODUCT_BUNDLE_IDENTIFIER = hyy.hyy6002;
				PRODUCT_NAME = "$(TARGET_NAME)";
			};
			name = Release;
		};
/* End XCBuildConfiguration section */

/* Begin XCConfigurationList section */
		04218DD21D1D24F90088C233 /* Build configuration list for PBXProject "hyy6002" */ = {
			isa = XCConfigurationList;
			buildConfigurations = (
				04218DEC1D1D24F90088C233 /* Debug */,
				04218DED1D1D24F90088C233 /* Release */,
			);
			defaultConfigurationIsVisible = 0;
			defaultConfigurationName = Release;
		};
		04218DEE1D1D24F90088C233 /* Build configuration list for PBXNativeTarget "hyy6002" */ = {
			isa = XCConfigurationList;
			buildConfigurations = (
				04218DEF1D1D24F90088C233 /* Debug */,
				04218DF01D1D24F90088C233 /* Release */,
			);
			defaultConfigurationIsVisible = 0;
		};
/* End XCConfigurationList section */
	};
	rootObject = 04218DCF1D1D24F90088C233 /* Project object */;
}
