// !$*UTF8*$!
{
	archiveVersion = 1;
	classes = {
	};
	objectVersion = 50;
	objects = {

/* Begin PBXBuildFile section */
		18722086212CFC36001FD17E /* AppDelegate.m in Sources */ = {isa = PBXBuildFile; fileRef = 18722085212CFC36001FD17E /* AppDelegate.m */; };
		18722089212CFC36001FD17E /* ViewController.m in Sources */ = {isa = PBXBuildFile; fileRef = 18722088212CFC36001FD17E /* ViewController.m */; };
		1872208C212CFC36001FD17E /* Main.storyboard in Resources */ = {isa = PBXBuildFile; fileRef = 1872208A212CFC36001FD17E /* Main.storyboard */; };
		1872208E212CFC37001FD17E /* Assets.xcassets in Resources */ = {isa = PBXBuildFile; fileRef = 1872208D212CFC37001FD17E /* Assets.xcassets */; };
		18722091212CFC37001FD17E /* LaunchScreen.storyboard in Resources */ = {isa = PBXBuildFile; fileRef = 1872208F212CFC37001FD17E /* LaunchScreen.storyboard */; };
		18722094212CFC37001FD17E /* main.m in Sources */ = {isa = PBXBuildFile; fileRef = 18722093212CFC37001FD17E /* main.m */; };
		1872209E212CFC37001FD17E /* HYYSliderTests.m in Sources */ = {isa = PBXBuildFile; fileRef = 1872209D212CFC37001FD17E /* HYYSliderTests.m */; };
		187220A9212CFC37001FD17E /* HYYSliderUITests.m in Sources */ = {isa = PBXBuildFile; fileRef = 187220A8212CFC37001FD17E /* HYYSliderUITests.m */; };
		187220B9212CFC7F001FD17E /* HYYSlider.m in Sources */ = {isa = PBXBuildFile; fileRef = 187220B8212CFC7F001FD17E /* HYYSlider.m */; };
/* End PBXBuildFile section */

/* Begin PBXContainerItemProxy section */
		1872209A212CFC37001FD17E /* PBXContainerItemProxy */ = {
			isa = PBXContainerItemProxy;
			containerPortal = 18722079212CFC36001FD17E /* Project object */;
			proxyType = 1;
			remoteGlobalIDString = 18722080212CFC36001FD17E;
			remoteInfo = HYYSlider;
		};
		187220A5212CFC37001FD17E /* PBXContainerItemProxy */ = {
			isa = PBXContainerItemProxy;
			containerPortal = 18722079212CFC36001FD17E /* Project object */;
			proxyType = 1;
			remoteGlobalIDString = 18722080212CFC36001FD17E;
			remoteInfo = HYYSlider;
		};
/* End PBXContainerItemProxy section */

/* Begin PBXFileReference section */
		18722081212CFC36001FD17E /* HYYSlider.app */ = {isa = PBXFileReference; explicitFileType = wrapper.application; includeInIndex = 0; path = HYYSlider.app; sourceTree = BUILT_PRODUCTS_DIR; };
		18722084212CFC36001FD17E /* AppDelegate.h */ = {isa = PBXFileReference; lastKnownFileType = sourcecode.c.h; path = AppDelegate.h; sourceTree = "<group>"; };
		18722085212CFC36001FD17E /* AppDelegate.m */ = {isa = PBXFileReference; lastKnownFileType = sourcecode.c.objc; path = AppDelegate.m; sourceTree = "<group>"; };
		18722087212CFC36001FD17E /* ViewController.h */ = {isa = PBXFileReference; lastKnownFileType = sourcecode.c.h; path = ViewController.h; sourceTree = "<group>"; };
		18722088212CFC36001FD17E /* ViewController.m */ = {isa = PBXFileReference; lastKnownFileType = sourcecode.c.objc; path = ViewController.m; sourceTree = "<group>"; };
		1872208B212CFC36001FD17E /* Base */ = {isa = PBXFileReference; lastKnownFileType = file.storyboard; name = Base; path = Base.lproj/Main.storyboard; sourceTree = "<group>"; };
		1872208D212CFC37001FD17E /* Assets.xcassets */ = {isa = PBXFileReference; lastKnownFileType = folder.assetcatalog; path = Assets.xcassets; sourceTree = "<group>"; };
		18722090212CFC37001FD17E /* Base */ = {isa = PBXFileReference; lastKnownFileType = file.storyboard; name = Base; path = Base.lproj/LaunchScreen.storyboard; sourceTree = "<group>"; };
		18722092212CFC37001FD17E /* Info.plist */ = {isa = PBXFileReference; lastKnownFileType = text.plist.xml; path = Info.plist; sourceTree = "<group>"; };
		18722093212CFC37001FD17E /* main.m */ = {isa = PBXFileReference; lastKnownFileType = sourcecode.c.objc; path = main.m; sourceTree = "<group>"; };
		18722099212CFC37001FD17E /* HYYSliderTests.xctest */ = {isa = PBXFileReference; explicitFileType = wrapper.cfbundle; includeInIndex = 0; path = HYYSliderTests.xctest; sourceTree = BUILT_PRODUCTS_DIR; };
		1872209D212CFC37001FD17E /* HYYSliderTests.m */ = {isa = PBXFileReference; lastKnownFileType = sourcecode.c.objc; path = HYYSliderTests.m; sourceTree = "<group>"; };
		1872209F212CFC37001FD17E /* Info.plist */ = {isa = PBXFileReference; lastKnownFileType = text.plist.xml; path = Info.plist; sourceTree = "<group>"; };
		187220A4212CFC37001FD17E /* HYYSliderUITests.xctest */ = {isa = PBXFileReference; explicitFileType = wrapper.cfbundle; includeInIndex = 0; path = HYYSliderUITests.xctest; sourceTree = BUILT_PRODUCTS_DIR; };
		187220A8212CFC37001FD17E /* HYYSliderUITests.m */ = {isa = PBXFileReference; lastKnownFileType = sourcecode.c.objc; path = HYYSliderUITests.m; sourceTree = "<group>"; };
		187220AA212CFC37001FD17E /* Info.plist */ = {isa = PBXFileReference; lastKnownFileType = text.plist.xml; path = Info.plist; sourceTree = "<group>"; };
		187220B7212CFC7F001FD17E /* HYYSlider.h */ = {isa = PBXFileReference; fileEncoding = 4; lastKnownFileType = sourcecode.c.h; path = HYYSlider.h; sourceTree = "<group>"; };
		187220B8212CFC7F001FD17E /* HYYSlider.m */ = {isa = PBXFileReference; fileEncoding = 4; lastKnownFileType = sourcecode.c.objc; path = HYYSlider.m; sourceTree = "<group>"; };
/* End PBXFileReference section */

/* Begin PBXFrameworksBuildPhase section */
		1872207E212CFC36001FD17E /* Frameworks */ = {
			isa = PBXFrameworksBuildPhase;
			buildActionMask = 2147483647;
			files = (
			);
			runOnlyForDeploymentPostprocessing = 0;
		};
		18722096212CFC37001FD17E /* Frameworks */ = {
			isa = PBXFrameworksBuildPhase;
			buildActionMask = 2147483647;
			files = (
			);
			runOnlyForDeploymentPostprocessing = 0;
		};
		187220A1212CFC37001FD17E /* Frameworks */ = {
			isa = PBXFrameworksBuildPhase;
			buildActionMask = 2147483647;
			files = (
			);
			runOnlyForDeploymentPostprocessing = 0;
		};
/* End PBXFrameworksBuildPhase section */

/* Begin PBXGroup section */
		18722078212CFC36001FD17E = {
			isa = PBXGroup;
			children = (
				18722083212CFC36001FD17E /* HYYSlider */,
				1872209C212CFC37001FD17E /* HYYSliderTests */,
				187220A7212CFC37001FD17E /* HYYSliderUITests */,
				18722082212CFC36001FD17E /* Products */,
			);
			sourceTree = "<group>";
		};
		18722082212CFC36001FD17E /* Products */ = {
			isa = PBXGroup;
			children = (
				18722081212CFC36001FD17E /* HYYSlider.app */,
				18722099212CFC37001FD17E /* HYYSliderTests.xctest */,
				187220A4212CFC37001FD17E /* HYYSliderUITests.xctest */,
			);
			name = Products;
			sourceTree = "<group>";
		};
		18722083212CFC36001FD17E /* HYYSlider */ = {
			isa = PBXGroup;
			children = (
				187220B6212CFC7F001FD17E /* Slider */,
				18722084212CFC36001FD17E /* AppDelegate.h */,
				18722085212CFC36001FD17E /* AppDelegate.m */,
				18722087212CFC36001FD17E /* ViewController.h */,
				18722088212CFC36001FD17E /* ViewController.m */,
				1872208A212CFC36001FD17E /* Main.storyboard */,
				1872208D212CFC37001FD17E /* Assets.xcassets */,
				1872208F212CFC37001FD17E /* LaunchScreen.storyboard */,
				18722092212CFC37001FD17E /* Info.plist */,
				18722093212CFC37001FD17E /* main.m */,
			);
			path = HYYSlider;
			sourceTree = "<group>";
		};
		1872209C212CFC37001FD17E /* HYYSliderTests */ = {
			isa = PBXGroup;
			children = (
				1872209D212CFC37001FD17E /* HYYSliderTests.m */,
				1872209F212CFC37001FD17E /* Info.plist */,
			);
			path = HYYSliderTests;
			sourceTree = "<group>";
		};
		187220A7212CFC37001FD17E /* HYYSliderUITests */ = {
			isa = PBXGroup;
			children = (
				187220A8212CFC37001FD17E /* HYYSliderUITests.m */,
				187220AA212CFC37001FD17E /* Info.plist */,
			);
			path = HYYSliderUITests;
			sourceTree = "<group>";
		};
		187220B6212CFC7F001FD17E /* Slider */ = {
			isa = PBXGroup;
			children = (
				187220B7212CFC7F001FD17E /* HYYSlider.h */,
				187220B8212CFC7F001FD17E /* HYYSlider.m */,
			);
			path = Slider;
			sourceTree = "<group>";
		};
/* End PBXGroup section */

/* Begin PBXNativeTarget section */
		18722080212CFC36001FD17E /* HYYSlider */ = {
			isa = PBXNativeTarget;
			buildConfigurationList = 187220AD212CFC37001FD17E /* Build configuration list for PBXNativeTarget "HYYSlider" */;
			buildPhases = (
				1872207D212CFC36001FD17E /* Sources */,
				1872207E212CFC36001FD17E /* Frameworks */,
				1872207F212CFC36001FD17E /* Resources */,
			);
			buildRules = (
			);
			dependencies = (
			);
			name = HYYSlider;
			productName = HYYSlider;
			productReference = 18722081212CFC36001FD17E /* HYYSlider.app */;
			productType = "com.apple.product-type.application";
		};
		18722098212CFC37001FD17E /* HYYSliderTests */ = {
			isa = PBXNativeTarget;
			buildConfigurationList = 187220B0212CFC37001FD17E /* Build configuration list for PBXNativeTarget "HYYSliderTests" */;
			buildPhases = (
				18722095212CFC37001FD17E /* Sources */,
				18722096212CFC37001FD17E /* Frameworks */,
				18722097212CFC37001FD17E /* Resources */,
			);
			buildRules = (
			);
			dependencies = (
				1872209B212CFC37001FD17E /* PBXTargetDependency */,
			);
			name = HYYSliderTests;
			productName = HYYSliderTests;
			productReference = 18722099212CFC37001FD17E /* HYYSliderTests.xctest */;
			productType = "com.apple.product-type.bundle.unit-test";
		};
		187220A3212CFC37001FD17E /* HYYSliderUITests */ = {
			isa = PBXNativeTarget;
			buildConfigurationList = 187220B3212CFC37001FD17E /* Build configuration list for PBXNativeTarget "HYYSliderUITests" */;
			buildPhases = (
				187220A0212CFC37001FD17E /* Sources */,
				187220A1212CFC37001FD17E /* Frameworks */,
				187220A2212CFC37001FD17E /* Resources */,
			);
			buildRules = (
			);
			dependencies = (
				187220A6212CFC37001FD17E /* PBXTargetDependency */,
			);
			name = HYYSliderUITests;
			productName = HYYSliderUITests;
			productReference = 187220A4212CFC37001FD17E /* HYYSliderUITests.xctest */;
			productType = "com.apple.product-type.bundle.ui-testing";
		};
/* End PBXNativeTarget section */

/* Begin PBXProject section */
		18722079212CFC36001FD17E /* Project object */ = {
			isa = PBXProject;
			attributes = {
				LastUpgradeCheck = 0940;
				ORGANIZATIONNAME = hyy;
				TargetAttributes = {
					18722080212CFC36001FD17E = {
						CreatedOnToolsVersion = 9.4.1;
					};
					18722098212CFC37001FD17E = {
						CreatedOnToolsVersion = 9.4.1;
						TestTargetID = 18722080212CFC36001FD17E;
					};
					187220A3212CFC37001FD17E = {
						CreatedOnToolsVersion = 9.4.1;
						TestTargetID = 18722080212CFC36001FD17E;
					};
				};
			};
			buildConfigurationList = 1872207C212CFC36001FD17E /* Build configuration list for PBXProject "HYYSlider" */;
			compatibilityVersion = "Xcode 9.3";
			developmentRegion = en;
			hasScannedForEncodings = 0;
			knownRegions = (
				en,
				Base,
			);
			mainGroup = 18722078212CFC36001FD17E;
			productRefGroup = 18722082212CFC36001FD17E /* Products */;
			projectDirPath = "";
			projectRoot = "";
			targets = (
				18722080212CFC36001FD17E /* HYYSlider */,
				18722098212CFC37001FD17E /* HYYSliderTests */,
				187220A3212CFC37001FD17E /* HYYSliderUITests */,
			);
		};
/* End PBXProject section */

/* Begin PBXResourcesBuildPhase section */
		1872207F212CFC36001FD17E /* Resources */ = {
			isa = PBXResourcesBuildPhase;
			buildActionMask = 2147483647;
			files = (
				18722091212CFC37001FD17E /* LaunchScreen.storyboard in Resources */,
				1872208E212CFC37001FD17E /* Assets.xcassets in Resources */,
				1872208C212CFC36001FD17E /* Main.storyboard in Resources */,
			);
			runOnlyForDeploymentPostprocessing = 0;
		};
		18722097212CFC37001FD17E /* Resources */ = {
			isa = PBXResourcesBuildPhase;
			buildActionMask = 2147483647;
			files = (
			);
			runOnlyForDeploymentPostprocessing = 0;
		};
		187220A2212CFC37001FD17E /* Resources */ = {
			isa = PBXResourcesBuildPhase;
			buildActionMask = 2147483647;
			files = (
			);
			runOnlyForDeploymentPostprocessing = 0;
		};
/* End PBXResourcesBuildPhase section */

/* Begin PBXSourcesBuildPhase section */
		1872207D212CFC36001FD17E /* Sources */ = {
			isa = PBXSourcesBuildPhase;
			buildActionMask = 2147483647;
			files = (
				18722089212CFC36001FD17E /* ViewController.m in Sources */,
				18722094212CFC37001FD17E /* main.m in Sources */,
				18722086212CFC36001FD17E /* AppDelegate.m in Sources */,
				187220B9212CFC7F001FD17E /* HYYSlider.m in Sources */,
			);
			runOnlyForDeploymentPostprocessing = 0;
		};
		18722095212CFC37001FD17E /* Sources */ = {
			isa = PBXSourcesBuildPhase;
			buildActionMask = 2147483647;
			files = (
				1872209E212CFC37001FD17E /* HYYSliderTests.m in Sources */,
			);
			runOnlyForDeploymentPostprocessing = 0;
		};
		187220A0212CFC37001FD17E /* Sources */ = {
			isa = PBXSourcesBuildPhase;
			buildActionMask = 2147483647;
			files = (
				187220A9212CFC37001FD17E /* HYYSliderUITests.m in Sources */,
			);
			runOnlyForDeploymentPostprocessing = 0;
		};
/* End PBXSourcesBuildPhase section */

/* Begin PBXTargetDependency section */
		1872209B212CFC37001FD17E /* PBXTargetDependency */ = {
			isa = PBXTargetDependency;
			target = 18722080212CFC36001FD17E /* HYYSlider */;
			targetProxy = 1872209A212CFC37001FD17E /* PBXContainerItemProxy */;
		};
		187220A6212CFC37001FD17E /* PBXTargetDependency */ = {
			isa = PBXTargetDependency;
			target = 18722080212CFC36001FD17E /* HYYSlider */;
			targetProxy = 187220A5212CFC37001FD17E /* PBXContainerItemProxy */;
		};
/* End PBXTargetDependency section */

/* Begin PBXVariantGroup section */
		1872208A212CFC36001FD17E /* Main.storyboard */ = {
			isa = PBXVariantGroup;
			children = (
				1872208B212CFC36001FD17E /* Base */,
			);
			name = Main.storyboard;
			sourceTree = "<group>";
		};
		1872208F212CFC37001FD17E /* LaunchScreen.storyboard */ = {
			isa = PBXVariantGroup;
			children = (
				18722090212CFC37001FD17E /* Base */,
			);
			name = LaunchScreen.storyboard;
			sourceTree = "<group>";
		};
/* End PBXVariantGroup section */

/* Begin XCBuildConfiguration section */
		187220AB212CFC37001FD17E /* Debug */ = {
			isa = XCBuildConfiguration;
			buildSettings = {
				ALWAYS_SEARCH_USER_PATHS = NO;
				CLANG_ANALYZER_NONNULL = YES;
				CLANG_ANALYZER_NUMBER_OBJECT_CONVERSION = YES_AGGRESSIVE;
				CLANG_CXX_LANGUAGE_STANDARD = "gnu++14";
				CLANG_CXX_LIBRARY = "libc++";
				CLANG_ENABLE_MODULES = YES;
				CLANG_ENABLE_OBJC_ARC = YES;
				CLANG_ENABLE_OBJC_WEAK = YES;
				CLANG_WARN_BLOCK_CAPTURE_AUTORELEASING = YES;
				CLANG_WARN_BOOL_CONVERSION = YES;
				CLANG_WARN_COMMA = YES;
				CLANG_WARN_CONSTANT_CONVERSION = YES;
				CLANG_WARN_DEPRECATED_OBJC_IMPLEMENTATIONS = YES;
				CLANG_WARN_DIRECT_OBJC_ISA_USAGE = YES_ERROR;
				CLANG_WARN_DOCUMENTATION_COMMENTS = YES;
				CLANG_WARN_EMPTY_BODY = YES;
				CLANG_WARN_ENUM_CONVERSION = YES;
				CLANG_WARN_INFINITE_RECURSION = YES;
				CLANG_WARN_INT_CONVERSION = YES;
				CLANG_WARN_NON_LITERAL_NULL_CONVERSION = YES;
				CLANG_WARN_OBJC_IMPLICIT_RETAIN_SELF = YES;
				CLANG_WARN_OBJC_LITERAL_CONVERSION = YES;
				CLANG_WARN_OBJC_ROOT_CLASS = YES_ERROR;
				CLANG_WARN_RANGE_LOOP_ANALYSIS = YES;
				CLANG_WARN_STRICT_PROTOTYPES = YES;
				CLANG_WARN_SUSPICIOUS_MOVE = YES;
				CLANG_WARN_UNGUARDED_AVAILABILITY = YES_AGGRESSIVE;
				CLANG_WARN_UNREACHABLE_CODE = YES;
				CLANG_WARN__DUPLICATE_METHOD_MATCH = YES;
				CODE_SIGN_IDENTITY = "iPhone Developer";
				COPY_PHASE_STRIP = NO;
				DEBUG_INFORMATION_FORMAT = dwarf;
				ENABLE_STRICT_OBJC_MSGSEND = YES;
				ENABLE_TESTABILITY = YES;
				GCC_C_LANGUAGE_STANDARD = gnu11;
				GCC_DYNAMIC_NO_PIC = NO;
				GCC_NO_COMMON_BLOCKS = YES;
				GCC_OPTIMIZATION_LEVEL = 0;
				GCC_PREPROCESSOR_DEFINITIONS = (
					"DEBUG=1",
					"$(inherited)",
				);
				GCC_WARN_64_TO_32_BIT_CONVERSION = YES;
				GCC_WARN_ABOUT_RETURN_TYPE = YES_ERROR;
				GCC_WARN_UNDECLARED_SELECTOR = YES;
				GCC_WARN_UNINITIALIZED_AUTOS = YES_AGGRESSIVE;
				GCC_WARN_UNUSED_FUNCTION = YES;
				GCC_WARN_UNUSED_VARIABLE = YES;
				IPHONEOS_DEPLOYMENT_TARGET = 11.4;
				MTL_ENABLE_DEBUG_INFO = YES;
				ONLY_ACTIVE_ARCH = YES;
				SDKROOT = iphoneos;
			};
			name = Debug;
		};
		187220AC212CFC37001FD17E /* Release */ = {
			isa = XCBuildConfiguration;
			buildSettings = {
				ALWAYS_SEARCH_USER_PATHS = NO;
				CLANG_ANALYZER_NONNULL = YES;
				CLANG_ANALYZER_NUMBER_OBJECT_CONVERSION = YES_AGGRESSIVE;
				CLANG_CXX_LANGUAGE_STANDARD = "gnu++14";
				CLANG_CXX_LIBRARY = "libc++";
				CLANG_ENABLE_MODULES = YES;
				CLANG_ENABLE_OBJC_ARC = YES;
				CLANG_ENABLE_OBJC_WEAK = YES;
				CLANG_WARN_BLOCK_CAPTURE_AUTORELEASING = YES;
				CLANG_WARN_BOOL_CONVERSION = YES;
				CLANG_WARN_COMMA = YES;
				CLANG_WARN_CONSTANT_CONVERSION = YES;
				CLANG_WARN_DEPRECATED_OBJC_IMPLEMENTATIONS = YES;
				CLANG_WARN_DIRECT_OBJC_ISA_USAGE = YES_ERROR;
				CLANG_WARN_DOCUMENTATION_COMMENTS = YES;
				CLANG_WARN_EMPTY_BODY = YES;
				CLANG_WARN_ENUM_CONVERSION = YES;
				CLANG_WARN_INFINITE_RECURSION = YES;
				CLANG_WARN_INT_CONVERSION = YES;
				CLANG_WARN_NON_LITERAL_NULL_CONVERSION = YES;
				CLANG_WARN_OBJC_IMPLICIT_RETAIN_SELF = YES;
				CLANG_WARN_OBJC_LITERAL_CONVERSION = YES;
				CLANG_WARN_OBJC_ROOT_CLASS = YES_ERROR;
				CLANG_WARN_RANGE_LOOP_ANALYSIS = YES;
				CLANG_WARN_STRICT_PROTOTYPES = YES;
				CLANG_WARN_SUSPICIOUS_MOVE = YES;
				CLANG_WARN_UNGUARDED_AVAILABILITY = YES_AGGRESSIVE;
				CLANG_WARN_UNREACHABLE_CODE = YES;
				CLANG_WARN__DUPLICATE_METHOD_MATCH = YES;
				CODE_SIGN_IDENTITY = "iPhone Developer";
				COPY_PHASE_STRIP = NO;
				DEBUG_INFORMATION_FORMAT = "dwarf-with-dsym";
				ENABLE_NS_ASSERTIONS = NO;
				ENABLE_STRICT_OBJC_MSGSEND = YES;
				GCC_C_LANGUAGE_STANDARD = gnu11;
				GCC_NO_COMMON_BLOCKS = YES;
				GCC_WARN_64_TO_32_BIT_CONVERSION = YES;
				GCC_WARN_ABOUT_RETURN_TYPE = YES_ERROR;
				GCC_WARN_UNDECLARED_SELECTOR = YES;
				GCC_WARN_UNINITIALIZED_AUTOS = YES_AGGRESSIVE;
				GCC_WARN_UNUSED_FUNCTION = YES;
				GCC_WARN_UNUSED_VARIABLE = YES;
				IPHONEOS_DEPLOYMENT_TARGET = 11.4;
				MTL_ENABLE_DEBUG_INFO = NO;
				SDKROOT = iphoneos;
				VALIDATE_PRODUCT = YES;
			};
			name = Release;
		};
		187220AE212CFC37001FD17E /* Debug */ = {
			isa = XCBuildConfiguration;
			buildSettings = {
				ASSETCATALOG_COMPILER_APPICON_NAME = AppIcon;
				CODE_SIGN_STYLE = Automatic;
				INFOPLIST_FILE = HYYSlider/Info.plist;
				LD_RUNPATH_SEARCH_PATHS = (
					"$(inherited)",
					"@executable_path/Frameworks",
				);
				PRODUCT_BUNDLE_IDENTIFIER = hyy.HYYSlider;
				PRODUCT_NAME = "$(TARGET_NAME)";
				TARGETED_DEVICE_FAMILY = "1,2";
			};
			name = Debug;
		};
		187220AF212CFC37001FD17E /* Release */ = {
			isa = XCBuildConfiguration;
			buildSettings = {
				ASSETCATALOG_COMPILER_APPICON_NAME = AppIcon;
				CODE_SIGN_STYLE = Automatic;
				INFOPLIST_FILE = HYYSlider/Info.plist;
				LD_RUNPATH_SEARCH_PATHS = (
					"$(inherited)",
					"@executable_path/Frameworks",
				);
				PRODUCT_BUNDLE_IDENTIFIER = hyy.HYYSlider;
				PRODUCT_NAME = "$(TARGET_NAME)";
				TARGETED_DEVICE_FAMILY = "1,2";
			};
			name = Release;
		};
		187220B1212CFC37001FD17E /* Debug */ = {
			isa = XCBuildConfiguration;
			buildSettings = {
				BUNDLE_LOADER = "$(TEST_HOST)";
				CODE_SIGN_STYLE = Automatic;
				INFOPLIST_FILE = HYYSliderTests/Info.plist;
				LD_RUNPATH_SEARCH_PATHS = (
					"$(inherited)",
					"@executable_path/Frameworks",
					"@loader_path/Frameworks",
				);
				PRODUCT_BUNDLE_IDENTIFIER = hyy.HYYSliderTests;
				PRODUCT_NAME = "$(TARGET_NAME)";
				TARGETED_DEVICE_FAMILY = "1,2";
				TEST_HOST = "$(BUILT_PRODUCTS_DIR)/HYYSlider.app/HYYSlider";
			};
			name = Debug;
		};
		187220B2212CFC37001FD17E /* Release */ = {
			isa = XCBuildConfiguration;
			buildSettings = {
				BUNDLE_LOADER = "$(TEST_HOST)";
				CODE_SIGN_STYLE = Automatic;
				INFOPLIST_FILE = HYYSliderTests/Info.plist;
				LD_RUNPATH_SEARCH_PATHS = (
					"$(inherited)",
					"@executable_path/Frameworks",
					"@loader_path/Frameworks",
				);
				PRODUCT_BUNDLE_IDENTIFIER = hyy.HYYSliderTests;
				PRODUCT_NAME = "$(TARGET_NAME)";
				TARGETED_DEVICE_FAMILY = "1,2";
				TEST_HOST = "$(BUILT_PRODUCTS_DIR)/HYYSlider.app/HYYSlider";
			};
			name = Release;
		};
		187220B4212CFC37001FD17E /* Debug */ = {
			isa = XCBuildConfiguration;
			buildSettings = {
				CODE_SIGN_STYLE = Automatic;
				INFOPLIST_FILE = HYYSliderUITests/Info.plist;
				LD_RUNPATH_SEARCH_PATHS = (
					"$(inherited)",
					"@executable_path/Frameworks",
					"@loader_path/Frameworks",
				);
				PRODUCT_BUNDLE_IDENTIFIER = hyy.HYYSliderUITests;
				PRODUCT_NAME = "$(TARGET_NAME)";
				TARGETED_DEVICE_FAMILY = "1,2";
				TEST_TARGET_NAME = HYYSlider;
			};
			name = Debug;
		};
		187220B5212CFC37001FD17E /* Release */ = {
			isa = XCBuildConfiguration;
			buildSettings = {
				CODE_SIGN_STYLE = Automatic;
				INFOPLIST_FILE = HYYSliderUITests/Info.plist;
				LD_RUNPATH_SEARCH_PATHS = (
					"$(inherited)",
					"@executable_path/Frameworks",
					"@loader_path/Frameworks",
				);
				PRODUCT_BUNDLE_IDENTIFIER = hyy.HYYSliderUITests;
				PRODUCT_NAME = "$(TARGET_NAME)";
				TARGETED_DEVICE_FAMILY = "1,2";
				TEST_TARGET_NAME = HYYSlider;
			};
			name = Release;
		};
/* End XCBuildConfiguration section */

/* Begin XCConfigurationList section */
		1872207C212CFC36001FD17E /* Build configuration list for PBXProject "HYYSlider" */ = {
			isa = XCConfigurationList;
			buildConfigurations = (
				187220AB212CFC37001FD17E /* Debug */,
				187220AC212CFC37001FD17E /* Release */,
			);
			defaultConfigurationIsVisible = 0;
			defaultConfigurationName = Release;
		};
		187220AD212CFC37001FD17E /* Build configuration list for PBXNativeTarget "HYYSlider" */ = {
			isa = XCConfigurationList;
			buildConfigurations = (
				187220AE212CFC37001FD17E /* Debug */,
				187220AF212CFC37001FD17E /* Release */,
			);
			defaultConfigurationIsVisible = 0;
			defaultConfigurationName = Release;
		};
		187220B0212CFC37001FD17E /* Build configuration list for PBXNativeTarget "HYYSliderTests" */ = {
			isa = XCConfigurationList;
			buildConfigurations = (
				187220B1212CFC37001FD17E /* Debug */,
				187220B2212CFC37001FD17E /* Release */,
			);
			defaultConfigurationIsVisible = 0;
			defaultConfigurationName = Release;
		};
		187220B3212CFC37001FD17E /* Build configuration list for PBXNativeTarget "HYYSliderUITests" */ = {
			isa = XCConfigurationList;
			buildConfigurations = (
				187220B4212CFC37001FD17E /* Debug */,
				187220B5212CFC37001FD17E /* Release */,
			);
			defaultConfigurationIsVisible = 0;
			defaultConfigurationName = Release;
		};
/* End XCConfigurationList section */
	};
	rootObject = 18722079212CFC36001FD17E /* Project object */;
}
